
Microsoft Visual Studio Solution File, Format Version 12.00
# Visual Studio Version 17
VisualStudioVersion = 17.13.35919.96 d17.13
MinimumVisualStudioVersion = 10.0.40219.1
Project("{FAE04EC0-301F-11D3-BF4B-00C04F79EFBC}") = "Dependency_inje", "Dependency_inje\Dependency_inje.csproj", "{E61254B1-73DF-46A5-B72C-4EDEB7318B6C}"
EndProject
Global
	GlobalSection(SolutionConfigurationPlatforms) = preSolution
		Debug|Any CPU = Debug|Any CPU
		Release|Any CPU = Release|Any CPU
	EndGlobalSection
	GlobalSection(ProjectConfigurationPlatforms) = postSolution
		{E61254B1-73DF-46A5-B72C-4EDEB7318B6C}.Debug|Any CPU.ActiveCfg = Debug|Any CPU
		{E61254B1-73DF-46A5-B72C-4EDEB7318B6C}.Debug|Any CPU.Build.0 = Debug|Any CPU
		{E61254B1-73DF-46A5-B72C-4EDEB7318B6C}.Release|Any CPU.ActiveCfg = Release|Any CPU
		{E61254B1-73DF-46A5-B72C-4EDEB7318B6C}.Release|Any CPU.Build.0 = Release|Any CPU
	EndGlobalSection
	GlobalSection(SolutionProperties) = preSolution
		HideSolutionNode = FALSE
	EndGlobalSection
	GlobalSection(ExtensibilityGlobals) = postSolution
		SolutionGuid = {33044B2E-CA62-4E1C-ADD8-86F8E3757554}
	EndGlobalSection
EndGlobal
