
Microsoft Visual Studio Solution File, Format Version 12.00
# Visual Studio Version 17
VisualStudioVersion = 17.13.35919.96 d17.13
MinimumVisualStudioVersion = 10.0.40219.1
Project("{FAE04EC0-301F-11D3-BF4B-00C04F79EFBC}") = "CodeFirstApproachASPcore6", "CodeFirstApproachASPcore6\CodeFirstApproachASPcore6.csproj", "{4A0B186E-76AD-47F9-BB95-AA9C5DC2CB44}"
EndProject
Global
	GlobalSection(SolutionConfigurationPlatforms) = preSolution
		Debug|Any CPU = Debug|Any CPU
		Release|Any CPU = Release|Any CPU
	EndGlobalSection
	GlobalSection(ProjectConfigurationPlatforms) = postSolution
		{4A0B186E-76AD-47F9-BB95-AA9C5DC2CB44}.Debug|Any CPU.ActiveCfg = Debug|Any CPU
		{4A0B186E-76AD-47F9-BB95-AA9C5DC2CB44}.Debug|Any CPU.Build.0 = Debug|Any CPU
		{4A0B186E-76AD-47F9-BB95-AA9C5DC2CB44}.Release|Any CPU.ActiveCfg = Release|Any CPU
		{4A0B186E-76AD-47F9-BB95-AA9C5DC2CB44}.Release|Any CPU.Build.0 = Release|Any CPU
	EndGlobalSection
	GlobalSection(SolutionProperties) = preSolution
		HideSolutionNode = FALSE
	EndGlobalSection
	GlobalSection(ExtensibilityGlobals) = postSolution
		SolutionGuid = {776CA1FE-7CA5-41BA-A4D4-9CC9ABE023F1}
	EndGlobalSection
EndGlobal
