
Microsoft Visual Studio Solution File, Format Version 12.00
# Visual Studio Version 17
VisualStudioVersion = 17.13.35919.96 d17.13
MinimumVisualStudioVersion = 10.0.40219.1
Project("{FAE04EC0-301F-11D3-BF4B-00C04F79EFBC}") = "AuthticationForMVC", "AuthticationForMVC\AuthticationForMVC.csproj", "{F6DA0E30-43A5-402C-AD26-0AD2809D59BA}"
EndProject
Global
	GlobalSection(SolutionConfigurationPlatforms) = preSolution
		Debug|Any CPU = Debug|Any CPU
		Release|Any CPU = Release|Any CPU
	EndGlobalSection
	GlobalSection(ProjectConfigurationPlatforms) = postSolution
		{F6DA0E30-43A5-402C-AD26-0AD2809D59BA}.Debug|Any CPU.ActiveCfg = Debug|Any CPU
		{F6DA0E30-43A5-402C-AD26-0AD2809D59BA}.Debug|Any CPU.Build.0 = Debug|Any CPU
		{F6DA0E30-43A5-402C-AD26-0AD2809D59BA}.Release|Any CPU.ActiveCfg = Release|Any CPU
		{F6DA0E30-43A5-402C-AD26-0AD2809D59BA}.Release|Any CPU.Build.0 = Release|Any CPU
	EndGlobalSection
	GlobalSection(SolutionProperties) = preSolution
		HideSolutionNode = FALSE
	EndGlobalSection
	GlobalSection(ExtensibilityGlobals) = postSolution
		SolutionGuid = {B5759E46-FB6B-484C-B4BE-DCCD97EE8892}
	EndGlobalSection
EndGlobal
